
Microsoft Visual Studio Solution File, Format Version 12.00
# Visual Studio Version 16
VisualStudioVersion = 16.0.30011.22
MinimumVisualStudioVersion = 10.0.40219.1
Project("{FAE04EC0-301F-11D3-BF4B-00C04F79EFBC}") = "Contpaqi.Sql.ADD.DocumentMetadata", "Contpaqi.Sql.ADD.DocumentMetadata\Contpaqi.Sql.ADD.DocumentMetadata.csproj", "{452E0A04-79D9-4FFA-9E2C-ED6C20D85AB3}"
EndProject
Global
	GlobalSection(SolutionConfigurationPlatforms) = preSolution
		Debug|Any CPU = Debug|Any CPU
		Release|Any CPU = Release|Any CPU
	EndGlobalSection
	GlobalSection(ProjectConfigurationPlatforms) = postSolution
		{452E0A04-79D9-4FFA-9E2C-ED6C20D85AB3}.Debug|Any CPU.ActiveCfg = Debug|Any CPU
		{452E0A04-79D9-4FFA-9E2C-ED6C20D85AB3}.Debug|Any CPU.Build.0 = Debug|Any CPU
		{452E0A04-79D9-4FFA-9E2C-ED6C20D85AB3}.Release|Any CPU.ActiveCfg = Release|Any CPU
		{452E0A04-79D9-4FFA-9E2C-ED6C20D85AB3}.Release|Any CPU.Build.0 = Release|Any CPU
	EndGlobalSection
	GlobalSection(SolutionProperties) = preSolution
		HideSolutionNode = FALSE
	EndGlobalSection
	GlobalSection(ExtensibilityGlobals) = postSolution
		SolutionGuid = {0113F16C-B7B7-44BD-A9E5-D57997E5C268}
	EndGlobalSection
EndGlobal
